// !$*UTF8*$!
{
	archiveVersion = 1;
	classes = {
	};
	objectVersion = 51;
	objects = {

/* Begin PBXBuildFile section */
		8AB13D44BAF167259380D206 /* Pods_ImageViewer__nasa_.framework in Frameworks */ = {isa = PBXBuildFile; fileRef = 12CE01B81E413812EAFE9FA7 /* Pods_ImageViewer__nasa_.framework */; };
		E7028B672359730600D2FD7A /* ReachabilityObserver.swift in Sources */ = {isa = PBXBuildFile; fileRef = E7028B662359730600D2FD7A /* ReachabilityObserver.swift */; };
		E7028B692359A4E300D2FD7A /* FoundationViewController.swift in Sources */ = {isa = PBXBuildFile; fileRef = E7028B682359A4E300D2FD7A /* FoundationViewController.swift */; };
		E703CEEA2357AAAB00825640 /* ImageParser.swift in Sources */ = {isa = PBXBuildFile; fileRef = E703CEE92357AAAB00825640 /* ImageParser.swift */; };
		E703CEEC2357AADE00825640 /* ImageParsable.swift in Sources */ = {isa = PBXBuildFile; fileRef = E703CEEB2357AADE00825640 /* ImageParsable.swift */; };
		E703CEEF2357B3BE00825640 /* ImageCell.swift in Sources */ = {isa = PBXBuildFile; fileRef = E703CEEE2357B3BE00825640 /* ImageCell.swift */; };
		E703CEF22357B49000825640 /* Configurable.swift in Sources */ = {isa = PBXBuildFile; fileRef = E703CEF12357B49000825640 /* Configurable.swift */; };
		E73399D023578CD7007C7538 /* ImageResponse.swift in Sources */ = {isa = PBXBuildFile; fileRef = E73399CF23578CD7007C7538 /* ImageResponse.swift */; };
		E73399D323578E43007C7538 /* Image.swift in Sources */ = {isa = PBXBuildFile; fileRef = E73399D223578E43007C7538 /* Image.swift */; };
		E73399D623578E9D007C7538 /* ImageConverter.swift in Sources */ = {isa = PBXBuildFile; fileRef = E73399D523578E9D007C7538 /* ImageConverter.swift */; };
		E73399DA23578FCB007C7538 /* ImageConvertable.swift in Sources */ = {isa = PBXBuildFile; fileRef = E73399D923578FCB007C7538 /* ImageConvertable.swift */; };
		E73399E323579A56007C7538 /* ImagesViewModel.swift in Sources */ = {isa = PBXBuildFile; fileRef = E73399E223579A56007C7538 /* ImagesViewModel.swift */; };
		E73399EA23579B21007C7538 /* ImageViewController.swift in Sources */ = {isa = PBXBuildFile; fileRef = E73399E923579B21007C7538 /* ImageViewController.swift */; };
		E73399EC23579B59007C7538 /* ImageController.swift in Sources */ = {isa = PBXBuildFile; fileRef = E73399EB23579B59007C7538 /* ImageController.swift */; };
		E73399EE2357A038007C7538 /* ImageViewModel.swift in Sources */ = {isa = PBXBuildFile; fileRef = E73399ED2357A038007C7538 /* ImageViewModel.swift */; };
		E7A437C623573B9000A9955B /* AppDelegate.swift in Sources */ = {isa = PBXBuildFile; fileRef = E7A437C523573B9000A9955B /* AppDelegate.swift */; };
		E7A437CA23573B9000A9955B /* ImagesViewController.swift in Sources */ = {isa = PBXBuildFile; fileRef = E7A437C923573B9000A9955B /* ImagesViewController.swift */; };
		E7A437CD23573B9000A9955B /* Main.storyboard in Resources */ = {isa = PBXBuildFile; fileRef = E7A437CB23573B9000A9955B /* Main.storyboard */; };
		E7A437CF23573B9600A9955B /* Assets.xcassets in Resources */ = {isa = PBXBuildFile; fileRef = E7A437CE23573B9600A9955B /* Assets.xcassets */; };
		E7A437D223573B9600A9955B /* LaunchScreen.storyboard in Resources */ = {isa = PBXBuildFile; fileRef = E7A437D023573B9600A9955B /* LaunchScreen.storyboard */; };
		E7E348DF2357506000176DDB /* NetworkService.swift in Sources */ = {isa = PBXBuildFile; fileRef = E7E348DE2357506000176DDB /* NetworkService.swift */; };
		E7E348E12357507500176DDB /* NetworkRequestable.swift in Sources */ = {isa = PBXBuildFile; fileRef = E7E348E02357507500176DDB /* NetworkRequestable.swift */; };
		E7E348E32357511F00176DDB /* Endpoint.swift in Sources */ = {isa = PBXBuildFile; fileRef = E7E348E22357511F00176DDB /* Endpoint.swift */; };
/* End PBXBuildFile section */

/* Begin PBXFileReference section */
		12CE01B81E413812EAFE9FA7 /* Pods_ImageViewer__nasa_.framework */ = {isa = PBXFileReference; explicitFileType = wrapper.framework; includeInIndex = 0; path = Pods_ImageViewer__nasa_.framework; sourceTree = BUILT_PRODUCTS_DIR; };
		729A7825066DB31E31E885AA /* Pods-ImageViewer (nasa).debug.xcconfig */ = {isa = PBXFileReference; includeInIndex = 1; lastKnownFileType = text.xcconfig; name = "Pods-ImageViewer (nasa).debug.xcconfig"; path = "Target Support Files/Pods-ImageViewer (nasa)/Pods-ImageViewer (nasa).debug.xcconfig"; sourceTree = "<group>"; };
		96683372E125C860A37114F6 /* Pods-ImageViewer (nasa).release.xcconfig */ = {isa = PBXFileReference; includeInIndex = 1; lastKnownFileType = text.xcconfig; name = "Pods-ImageViewer (nasa).release.xcconfig"; path = "Target Support Files/Pods-ImageViewer (nasa)/Pods-ImageViewer (nasa).release.xcconfig"; sourceTree = "<group>"; };
		E7028B662359730600D2FD7A /* ReachabilityObserver.swift */ = {isa = PBXFileReference; lastKnownFileType = sourcecode.swift; path = ReachabilityObserver.swift; sourceTree = "<group>"; };
		E7028B682359A4E300D2FD7A /* FoundationViewController.swift */ = {isa = PBXFileReference; lastKnownFileType = sourcecode.swift; path = FoundationViewController.swift; sourceTree = "<group>"; };
		E703CEE92357AAAB00825640 /* ImageParser.swift */ = {isa = PBXFileReference; lastKnownFileType = sourcecode.swift; path = ImageParser.swift; sourceTree = "<group>"; };
		E703CEEB2357AADE00825640 /* ImageParsable.swift */ = {isa = PBXFileReference; lastKnownFileType = sourcecode.swift; path = ImageParsable.swift; sourceTree = "<group>"; };
		E703CEEE2357B3BE00825640 /* ImageCell.swift */ = {isa = PBXFileReference; lastKnownFileType = sourcecode.swift; path = ImageCell.swift; sourceTree = "<group>"; };
		E703CEF12357B49000825640 /* Configurable.swift */ = {isa = PBXFileReference; lastKnownFileType = sourcecode.swift; path = Configurable.swift; sourceTree = "<group>"; };
		E73399CF23578CD7007C7538 /* ImageResponse.swift */ = {isa = PBXFileReference; lastKnownFileType = sourcecode.swift; path = ImageResponse.swift; sourceTree = "<group>"; };
		E73399D223578E43007C7538 /* Image.swift */ = {isa = PBXFileReference; lastKnownFileType = sourcecode.swift; path = Image.swift; sourceTree = "<group>"; };
		E73399D523578E9D007C7538 /* ImageConverter.swift */ = {isa = PBXFileReference; lastKnownFileType = sourcecode.swift; path = ImageConverter.swift; sourceTree = "<group>"; };
		E73399D923578FCB007C7538 /* ImageConvertable.swift */ = {isa = PBXFileReference; lastKnownFileType = sourcecode.swift; path = ImageConvertable.swift; sourceTree = "<group>"; };
		E73399E223579A56007C7538 /* ImagesViewModel.swift */ = {isa = PBXFileReference; lastKnownFileType = sourcecode.swift; path = ImagesViewModel.swift; sourceTree = "<group>"; };
		E73399E923579B21007C7538 /* ImageViewController.swift */ = {isa = PBXFileReference; lastKnownFileType = sourcecode.swift; path = ImageViewController.swift; sourceTree = "<group>"; };
		E73399EB23579B59007C7538 /* ImageController.swift */ = {isa = PBXFileReference; lastKnownFileType = sourcecode.swift; path = ImageController.swift; sourceTree = "<group>"; };
		E73399ED2357A038007C7538 /* ImageViewModel.swift */ = {isa = PBXFileReference; lastKnownFileType = sourcecode.swift; path = ImageViewModel.swift; sourceTree = "<group>"; };
		E7A437C223573B9000A9955B /* ImageViewer (nasa).app */ = {isa = PBXFileReference; explicitFileType = wrapper.application; includeInIndex = 0; path = "ImageViewer (nasa).app"; sourceTree = BUILT_PRODUCTS_DIR; };
		E7A437C523573B9000A9955B /* AppDelegate.swift */ = {isa = PBXFileReference; lastKnownFileType = sourcecode.swift; path = AppDelegate.swift; sourceTree = "<group>"; };
		E7A437C923573B9000A9955B /* ImagesViewController.swift */ = {isa = PBXFileReference; lastKnownFileType = sourcecode.swift; path = ImagesViewController.swift; sourceTree = "<group>"; };
		E7A437CC23573B9000A9955B /* Base */ = {isa = PBXFileReference; lastKnownFileType = file.storyboard; name = Base; path = Base.lproj/Main.storyboard; sourceTree = "<group>"; };
		E7A437CE23573B9600A9955B /* Assets.xcassets */ = {isa = PBXFileReference; lastKnownFileType = folder.assetcatalog; path = Assets.xcassets; sourceTree = "<group>"; };
		E7A437D123573B9600A9955B /* Base */ = {isa = PBXFileReference; lastKnownFileType = file.storyboard; name = Base; path = Base.lproj/LaunchScreen.storyboard; sourceTree = "<group>"; };
		E7A437D323573B9600A9955B /* Info.plist */ = {isa = PBXFileReference; lastKnownFileType = text.plist.xml; path = Info.plist; sourceTree = "<group>"; };
		E7E348DE2357506000176DDB /* NetworkService.swift */ = {isa = PBXFileReference; lastKnownFileType = sourcecode.swift; path = NetworkService.swift; sourceTree = "<group>"; };
		E7E348E02357507500176DDB /* NetworkRequestable.swift */ = {isa = PBXFileReference; lastKnownFileType = sourcecode.swift; path = NetworkRequestable.swift; sourceTree = "<group>"; };
		E7E348E22357511F00176DDB /* Endpoint.swift */ = {isa = PBXFileReference; lastKnownFileType = sourcecode.swift; path = Endpoint.swift; sourceTree = "<group>"; };
/* End PBXFileReference section */

/* Begin PBXFrameworksBuildPhase section */
		E7A437BF23573B9000A9955B /* Frameworks */ = {
			isa = PBXFrameworksBuildPhase;
			buildActionMask = 2147483647;
			files = (
				8AB13D44BAF167259380D206 /* Pods_ImageViewer__nasa_.framework in Frameworks */,
			);
			runOnlyForDeploymentPostprocessing = 0;
		};
/* End PBXFrameworksBuildPhase section */

/* Begin PBXGroup section */
		585E7AECBE79A6956B8BD45B /* Pods */ = {
			isa = PBXGroup;
			children = (
				729A7825066DB31E31E885AA /* Pods-ImageViewer (nasa).debug.xcconfig */,
				96683372E125C860A37114F6 /* Pods-ImageViewer (nasa).release.xcconfig */,
			);
			path = Pods;
			sourceTree = "<group>";
		};
		90BB7EEBBCAA3F7063FC8477 /* Frameworks */ = {
			isa = PBXGroup;
			children = (
				12CE01B81E413812EAFE9FA7 /* Pods_ImageViewer__nasa_.framework */,
			);
			name = Frameworks;
			sourceTree = "<group>";
		};
		E703CEED2357B3B400825640 /* UI */ = {
			isa = PBXGroup;
			children = (
				E703CEEE2357B3BE00825640 /* ImageCell.swift */,
			);
			path = UI;
			sourceTree = "<group>";
		};
		E703CEF02357B3DE00825640 /* Common */ = {
			isa = PBXGroup;
			children = (
				E703CEF12357B49000825640 /* Configurable.swift */,
			);
			path = Common;
			sourceTree = "<group>";
		};
		E73399CC23578ADF007C7538 /* Models */ = {
			isa = PBXGroup;
			children = (
				E73399D223578E43007C7538 /* Image.swift */,
				E73399CD23578AE8007C7538 /* Codable */,
			);
			path = Models;
			sourceTree = "<group>";
		};
		E73399CD23578AE8007C7538 /* Codable */ = {
			isa = PBXGroup;
			children = (
				E73399CF23578CD7007C7538 /* ImageResponse.swift */,
			);
			path = Codable;
			sourceTree = "<group>";
		};
		E73399D423578E72007C7538 /* Converters */ = {
			isa = PBXGroup;
			children = (
				E73399D823578FBF007C7538 /* Definition */,
				E73399D723578FB7007C7538 /* Implementation */,
			);
			path = Converters;
			sourceTree = "<group>";
		};
		E73399D723578FB7007C7538 /* Implementation */ = {
			isa = PBXGroup;
			children = (
				E73399D523578E9D007C7538 /* ImageConverter.swift */,
				E703CEE92357AAAB00825640 /* ImageParser.swift */,
			);
			path = Implementation;
			sourceTree = "<group>";
		};
		E73399D823578FBF007C7538 /* Definition */ = {
			isa = PBXGroup;
			children = (
				E73399D923578FCB007C7538 /* ImageConvertable.swift */,
				E703CEEB2357AADE00825640 /* ImageParsable.swift */,
			);
			path = Definition;
			sourceTree = "<group>";
		};
		E73399DD23579A1B007C7538 /* Implementation */ = {
			isa = PBXGroup;
			children = (
				E7A437C923573B9000A9955B /* ImagesViewController.swift */,
				E73399E923579B21007C7538 /* ImageViewController.swift */,
				E7028B682359A4E300D2FD7A /* FoundationViewController.swift */,
			);
			path = Implementation;
			sourceTree = "<group>";
		};
		E73399DE23579A24007C7538 /* Definition */ = {
			isa = PBXGroup;
			children = (
				E73399EB23579B59007C7538 /* ImageController.swift */,
			);
			path = Definition;
			sourceTree = "<group>";
		};
		E73399E123579A40007C7538 /* ViewModels */ = {
			isa = PBXGroup;
			children = (
				E73399E423579A5A007C7538 /* Implementation */,
			);
			path = ViewModels;
			sourceTree = "<group>";
		};
		E73399E423579A5A007C7538 /* Implementation */ = {
			isa = PBXGroup;
			children = (
				E73399E223579A56007C7538 /* ImagesViewModel.swift */,
				E73399ED2357A038007C7538 /* ImageViewModel.swift */,
			);
			path = Implementation;
			sourceTree = "<group>";
		};
		E7A437B923573B9000A9955B = {
			isa = PBXGroup;
			children = (
				E7A437C423573B9000A9955B /* ImageViewer (nasa) */,
				E7A437C323573B9000A9955B /* Products */,
				585E7AECBE79A6956B8BD45B /* Pods */,
				90BB7EEBBCAA3F7063FC8477 /* Frameworks */,
			);
			sourceTree = "<group>";
		};
		E7A437C323573B9000A9955B /* Products */ = {
			isa = PBXGroup;
			children = (
				E7A437C223573B9000A9955B /* ImageViewer (nasa).app */,
			);
			name = Products;
			sourceTree = "<group>";
		};
		E7A437C423573B9000A9955B /* ImageViewer (nasa) */ = {
			isa = PBXGroup;
			children = (
				E703CEF02357B3DE00825640 /* Common */,
				E73399D423578E72007C7538 /* Converters */,
				E73399CC23578ADF007C7538 /* Models */,
				E7E348DB2357500B00176DDB /* Network */,
				E703CEED2357B3B400825640 /* UI */,
				E73399E123579A40007C7538 /* ViewModels */,
				E7A437DA2357496300A9955B /* ViewControllers */,
				E7A437DB2357497600A9955B /* Storyboards */,
				E7A437D92357495200A9955B /* Application */,
				E7A437CE23573B9600A9955B /* Assets.xcassets */,
				E7A437D323573B9600A9955B /* Info.plist */,
			);
			path = "ImageViewer (nasa)";
			sourceTree = "<group>";
		};
		E7A437D92357495200A9955B /* Application */ = {
			isa = PBXGroup;
			children = (
				E7A437C523573B9000A9955B /* AppDelegate.swift */,
			);
			path = Application;
			sourceTree = "<group>";
		};
		E7A437DA2357496300A9955B /* ViewControllers */ = {
			isa = PBXGroup;
			children = (
				E73399DE23579A24007C7538 /* Definition */,
				E73399DD23579A1B007C7538 /* Implementation */,
			);
			path = ViewControllers;
			sourceTree = "<group>";
		};
		E7A437DB2357497600A9955B /* Storyboards */ = {
			isa = PBXGroup;
			children = (
				E7A437CB23573B9000A9955B /* Main.storyboard */,
				E7A437D023573B9600A9955B /* LaunchScreen.storyboard */,
			);
			path = Storyboards;
			sourceTree = "<group>";
		};
		E7E348DB2357500B00176DDB /* Network */ = {
			isa = PBXGroup;
			children = (
				E7E348DD2357503F00176DDB /* Implementation */,
				E7E348DC2357503400176DDB /* Definition */,
				E7028B662359730600D2FD7A /* ReachabilityObserver.swift */,
			);
			path = Network;
			sourceTree = "<group>";
		};
		E7E348DC2357503400176DDB /* Definition */ = {
			isa = PBXGroup;
			children = (
				E7E348E02357507500176DDB /* NetworkRequestable.swift */,
			);
			path = Definition;
			sourceTree = "<group>";
		};
		E7E348DD2357503F00176DDB /* Implementation */ = {
			isa = PBXGroup;
			children = (
				E7E348DE2357506000176DDB /* NetworkService.swift */,
				E7E348E22357511F00176DDB /* Endpoint.swift */,
			);
			path = Implementation;
			sourceTree = "<group>";
		};
/* End PBXGroup section */

/* Begin PBXNativeTarget section */
		E7A437C123573B9000A9955B /* ImageViewer (nasa) */ = {
			isa = PBXNativeTarget;
			buildConfigurationList = E7A437D623573B9600A9955B /* Build configuration list for PBXNativeTarget "ImageViewer (nasa)" */;
			buildPhases = (
				3E6AC155C5051F7E35100469 /* [CP] Check Pods Manifest.lock */,
				E7A437BE23573B9000A9955B /* Sources */,
				E7A437BF23573B9000A9955B /* Frameworks */,
				E7A437C023573B9000A9955B /* Resources */,
				6F2E8B1089CA45E4CB72E973 /* [CP] Embed Pods Frameworks */,
			);
			buildRules = (
			);
			dependencies = (
			);
			name = "ImageViewer (nasa)";
			productName = "ImageViewer (nasa)";
			productReference = E7A437C223573B9000A9955B /* ImageViewer (nasa).app */;
			productType = "com.apple.product-type.application";
		};
/* End PBXNativeTarget section */

/* Begin PBXProject section */
		E7A437BA23573B9000A9955B /* Project object */ = {
			isa = PBXProject;
			attributes = {
				LastSwiftUpdateCheck = 1100;
				LastUpgradeCheck = 1100;
				ORGANIZATIONNAME = VladimirYakutin;
				TargetAttributes = {
					E7A437C123573B9000A9955B = {
						CreatedOnToolsVersion = 11.0;
					};
				};
			};
			buildConfigurationList = E7A437BD23573B9000A9955B /* Build configuration list for PBXProject "ImageViewer (nasa)" */;
			compatibilityVersion = "Xcode 9.3";
			developmentRegion = en;
			hasScannedForEncodings = 0;
			knownRegions = (
				en,
				Base,
			);
			mainGroup = E7A437B923573B9000A9955B;
			productRefGroup = E7A437C323573B9000A9955B /* Products */;
			projectDirPath = "";
			projectRoot = "";
			targets = (
				E7A437C123573B9000A9955B /* ImageViewer (nasa) */,
			);
		};
/* End PBXProject section */

/* Begin PBXResourcesBuildPhase section */
		E7A437C023573B9000A9955B /* Resources */ = {
			isa = PBXResourcesBuildPhase;
			buildActionMask = 2147483647;
			files = (
				E7A437D223573B9600A9955B /* LaunchScreen.storyboard in Resources */,
				E7A437CF23573B9600A9955B /* Assets.xcassets in Resources */,
				E7A437CD23573B9000A9955B /* Main.storyboard in Resources */,
			);
			runOnlyForDeploymentPostprocessing = 0;
		};
/* End PBXResourcesBuildPhase section */

/* Begin PBXShellScriptBuildPhase section */
		3E6AC155C5051F7E35100469 /* [CP] Check Pods Manifest.lock */ = {
			isa = PBXShellScriptBuildPhase;
			buildActionMask = 2147483647;
			files = (
			);
			inputFileListPaths = (
			);
			inputPaths = (
				"${PODS_PODFILE_DIR_PATH}/Podfile.lock",
				"${PODS_ROOT}/Manifest.lock",
			);
			name = "[CP] Check Pods Manifest.lock";
			outputFileListPaths = (
			);
			outputPaths = (
				"$(DERIVED_FILE_DIR)/Pods-ImageViewer (nasa)-checkManifestLockResult.txt",
			);
			runOnlyForDeploymentPostprocessing = 0;
			shellPath = /bin/sh;
			shellScript = "diff \"${PODS_PODFILE_DIR_PATH}/Podfile.lock\" \"${PODS_ROOT}/Manifest.lock\" > /dev/null\nif [ $? != 0 ] ; then\n    # print error to STDERR\n    echo \"error: The sandbox is not in sync with the Podfile.lock. Run 'pod install' or update your CocoaPods installation.\" >&2\n    exit 1\nfi\n# This output is used by Xcode 'outputs' to avoid re-running this script phase.\necho \"SUCCESS\" > \"${SCRIPT_OUTPUT_FILE_0}\"\n";
			showEnvVarsInLog = 0;
		};
		6F2E8B1089CA45E4CB72E973 /* [CP] Embed Pods Frameworks */ = {
			isa = PBXShellScriptBuildPhase;
			buildActionMask = 2147483647;
			files = (
			);
			inputFileListPaths = (
				"${PODS_ROOT}/Target Support Files/Pods-ImageViewer (nasa)/Pods-ImageViewer (nasa)-frameworks-${CONFIGURATION}-input-files.xcfilelist",
			);
			name = "[CP] Embed Pods Frameworks";
			outputFileListPaths = (
				"${PODS_ROOT}/Target Support Files/Pods-ImageViewer (nasa)/Pods-ImageViewer (nasa)-frameworks-${CONFIGURATION}-output-files.xcfilelist",
			);
			runOnlyForDeploymentPostprocessing = 0;
			shellPath = /bin/sh;
			shellScript = "\"${PODS_ROOT}/Target Support Files/Pods-ImageViewer (nasa)/Pods-ImageViewer (nasa)-frameworks.sh\"\n";
			showEnvVarsInLog = 0;
		};
/* End PBXShellScriptBuildPhase section */

/* Begin PBXSourcesBuildPhase section */
		E7A437BE23573B9000A9955B /* Sources */ = {
			isa = PBXSourcesBuildPhase;
			buildActionMask = 2147483647;
			files = (
				E73399EA23579B21007C7538 /* ImageViewController.swift in Sources */,
				E7A437CA23573B9000A9955B /* ImagesViewController.swift in Sources */,
				E73399D623578E9D007C7538 /* ImageConverter.swift in Sources */,
				E703CEEA2357AAAB00825640 /* ImageParser.swift in Sources */,
				E7E348DF2357506000176DDB /* NetworkService.swift in Sources */,
				E73399D023578CD7007C7538 /* ImageResponse.swift in Sources */,
				E73399EC23579B59007C7538 /* ImageController.swift in Sources */,
				E7E348E12357507500176DDB /* NetworkRequestable.swift in Sources */,
				E703CEF22357B49000825640 /* Configurable.swift in Sources */,
				E703CEEF2357B3BE00825640 /* ImageCell.swift in Sources */,
				E7028B692359A4E300D2FD7A /* FoundationViewController.swift in Sources */,
				E73399E323579A56007C7538 /* ImagesViewModel.swift in Sources */,
				E703CEEC2357AADE00825640 /* ImageParsable.swift in Sources */,
				E73399DA23578FCB007C7538 /* ImageConvertable.swift in Sources */,
				E7A437C623573B9000A9955B /* AppDelegate.swift in Sources */,
				E7028B672359730600D2FD7A /* ReachabilityObserver.swift in Sources */,
				E73399D323578E43007C7538 /* Image.swift in Sources */,
				E73399EE2357A038007C7538 /* ImageViewModel.swift in Sources */,
				E7E348E32357511F00176DDB /* Endpoint.swift in Sources */,
			);
			runOnlyForDeploymentPostprocessing = 0;
		};
/* End PBXSourcesBuildPhase section */

/* Begin PBXVariantGroup section */
		E7A437CB23573B9000A9955B /* Main.storyboard */ = {
			isa = PBXVariantGroup;
			children = (
				E7A437CC23573B9000A9955B /* Base */,
			);
			name = Main.storyboard;
			sourceTree = "<group>";
		};
		E7A437D023573B9600A9955B /* LaunchScreen.storyboard */ = {
			isa = PBXVariantGroup;
			children = (
				E7A437D123573B9600A9955B /* Base */,
			);
			name = LaunchScreen.storyboard;
			sourceTree = "<group>";
		};
/* End PBXVariantGroup section */

/* Begin XCBuildConfiguration section */
		E7A437D423573B9600A9955B /* Debug */ = {
			isa = XCBuildConfiguration;
			buildSettings = {
				ALWAYS_SEARCH_USER_PATHS = NO;
				CLANG_ANALYZER_NONNULL = YES;
				CLANG_ANALYZER_NUMBER_OBJECT_CONVERSION = YES_AGGRESSIVE;
				CLANG_CXX_LANGUAGE_STANDARD = "gnu++14";
				CLANG_CXX_LIBRARY = "libc++";
				CLANG_ENABLE_MODULES = YES;
				CLANG_ENABLE_OBJC_ARC = YES;
				CLANG_ENABLE_OBJC_WEAK = YES;
				CLANG_WARN_BLOCK_CAPTURE_AUTORELEASING = YES;
				CLANG_WARN_BOOL_CONVERSION = YES;
				CLANG_WARN_COMMA = YES;
				CLANG_WARN_CONSTANT_CONVERSION = YES;
				CLANG_WARN_DEPRECATED_OBJC_IMPLEMENTATIONS = YES;
				CLANG_WARN_DIRECT_OBJC_ISA_USAGE = YES_ERROR;
				CLANG_WARN_DOCUMENTATION_COMMENTS = YES;
				CLANG_WARN_EMPTY_BODY = YES;
				CLANG_WARN_ENUM_CONVERSION = YES;
				CLANG_WARN_INFINITE_RECURSION = YES;
				CLANG_WARN_INT_CONVERSION = YES;
				CLANG_WARN_NON_LITERAL_NULL_CONVERSION = YES;
				CLANG_WARN_OBJC_IMPLICIT_RETAIN_SELF = YES;
				CLANG_WARN_OBJC_LITERAL_CONVERSION = YES;
				CLANG_WARN_OBJC_ROOT_CLASS = YES_ERROR;
				CLANG_WARN_RANGE_LOOP_ANALYSIS = YES;
				CLANG_WARN_STRICT_PROTOTYPES = YES;
				CLANG_WARN_SUSPICIOUS_MOVE = YES;
				CLANG_WARN_UNGUARDED_AVAILABILITY = YES_AGGRESSIVE;
				CLANG_WARN_UNREACHABLE_CODE = YES;
				CLANG_WARN__DUPLICATE_METHOD_MATCH = YES;
				COPY_PHASE_STRIP = NO;
				DEBUG_INFORMATION_FORMAT = dwarf;
				ENABLE_STRICT_OBJC_MSGSEND = YES;
				ENABLE_TESTABILITY = YES;
				GCC_C_LANGUAGE_STANDARD = gnu11;
				GCC_DYNAMIC_NO_PIC = NO;
				GCC_NO_COMMON_BLOCKS = YES;
				GCC_OPTIMIZATION_LEVEL = 0;
				GCC_PREPROCESSOR_DEFINITIONS = (
					"DEBUG=1",
					"$(inherited)",
				);
				GCC_WARN_64_TO_32_BIT_CONVERSION = YES;
				GCC_WARN_ABOUT_RETURN_TYPE = YES_ERROR;
				GCC_WARN_UNDECLARED_SELECTOR = YES;
				GCC_WARN_UNINITIALIZED_AUTOS = YES_AGGRESSIVE;
				GCC_WARN_UNUSED_FUNCTION = YES;
				GCC_WARN_UNUSED_VARIABLE = YES;
				IPHONEOS_DEPLOYMENT_TARGET = 13.0;
				MTL_ENABLE_DEBUG_INFO = INCLUDE_SOURCE;
				MTL_FAST_MATH = YES;
				ONLY_ACTIVE_ARCH = YES;
				SDKROOT = iphoneos;
				SWIFT_ACTIVE_COMPILATION_CONDITIONS = DEBUG;
				SWIFT_OPTIMIZATION_LEVEL = "-Onone";
			};
			name = Debug;
		};
		E7A437D523573B9600A9955B /* Release */ = {
			isa = XCBuildConfiguration;
			buildSettings = {
				ALWAYS_SEARCH_USER_PATHS = NO;
				CLANG_ANALYZER_NONNULL = YES;
				CLANG_ANALYZER_NUMBER_OBJECT_CONVERSION = YES_AGGRESSIVE;
				CLANG_CXX_LANGUAGE_STANDARD = "gnu++14";
				CLANG_CXX_LIBRARY = "libc++";
				CLANG_ENABLE_MODULES = YES;
				CLANG_ENABLE_OBJC_ARC = YES;
				CLANG_ENABLE_OBJC_WEAK = YES;
				CLANG_WARN_BLOCK_CAPTURE_AUTORELEASING = YES;
				CLANG_WARN_BOOL_CONVERSION = YES;
				CLANG_WARN_COMMA = YES;
				CLANG_WARN_CONSTANT_CONVERSION = YES;
				CLANG_WARN_DEPRECATED_OBJC_IMPLEMENTATIONS = YES;
				CLANG_WARN_DIRECT_OBJC_ISA_USAGE = YES_ERROR;
				CLANG_WARN_DOCUMENTATION_COMMENTS = YES;
				CLANG_WARN_EMPTY_BODY = YES;
				CLANG_WARN_ENUM_CONVERSION = YES;
				CLANG_WARN_INFINITE_RECURSION = YES;
				CLANG_WARN_INT_CONVERSION = YES;
				CLANG_WARN_NON_LITERAL_NULL_CONVERSION = YES;
				CLANG_WARN_OBJC_IMPLICIT_RETAIN_SELF = YES;
				CLANG_WARN_OBJC_LITERAL_CONVERSION = YES;
				CLANG_WARN_OBJC_ROOT_CLASS = YES_ERROR;
				CLANG_WARN_RANGE_LOOP_ANALYSIS = YES;
				CLANG_WARN_STRICT_PROTOTYPES = YES;
				CLANG_WARN_SUSPICIOUS_MOVE = YES;
				CLANG_WARN_UNGUARDED_AVAILABILITY = YES_AGGRESSIVE;
				CLANG_WARN_UNREACHABLE_CODE = YES;
				CLANG_WARN__DUPLICATE_METHOD_MATCH = YES;
				COPY_PHASE_STRIP = NO;
				DEBUG_INFORMATION_FORMAT = "dwarf-with-dsym";
				ENABLE_NS_ASSERTIONS = NO;
				ENABLE_STRICT_OBJC_MSGSEND = YES;
				GCC_C_LANGUAGE_STANDARD = gnu11;
				GCC_NO_COMMON_BLOCKS = YES;
				GCC_WARN_64_TO_32_BIT_CONVERSION = YES;
				GCC_WARN_ABOUT_RETURN_TYPE = YES_ERROR;
				GCC_WARN_UNDECLARED_SELECTOR = YES;
				GCC_WARN_UNINITIALIZED_AUTOS = YES_AGGRESSIVE;
				GCC_WARN_UNUSED_FUNCTION = YES;
				GCC_WARN_UNUSED_VARIABLE = YES;
				IPHONEOS_DEPLOYMENT_TARGET = 13.0;
				MTL_ENABLE_DEBUG_INFO = NO;
				MTL_FAST_MATH = YES;
				SDKROOT = iphoneos;
				SWIFT_COMPILATION_MODE = wholemodule;
				SWIFT_OPTIMIZATION_LEVEL = "-O";
				VALIDATE_PRODUCT = YES;
			};
			name = Release;
		};
		E7A437D723573B9600A9955B /* Debug */ = {
			isa = XCBuildConfiguration;
			baseConfigurationReference = 729A7825066DB31E31E885AA /* Pods-ImageViewer (nasa).debug.xcconfig */;
			buildSettings = {
				ASSETCATALOG_COMPILER_APPICON_NAME = AppIcon;
				CODE_SIGN_STYLE = Automatic;
				DEVELOPMENT_TEAM = 96BN7NSV5W;
				INFOPLIST_FILE = "ImageViewer (nasa)/Info.plist";
				IPHONEOS_DEPLOYMENT_TARGET = 13.0;
				LD_RUNPATH_SEARCH_PATHS = (
					"$(inherited)",
					"@executable_path/Frameworks",
				);
				PRODUCT_BUNDLE_IDENTIFIER = "VladimirYakutin.ImageViewer--nasa-";
				PRODUCT_NAME = "$(TARGET_NAME)";
				SWIFT_VERSION = 5.0;
				TARGETED_DEVICE_FAMILY = 1;
			};
			name = Debug;
		};
		E7A437D823573B9600A9955B /* Release */ = {
			isa = XCBuildConfiguration;
			baseConfigurationReference = 96683372E125C860A37114F6 /* Pods-ImageViewer (nasa).release.xcconfig */;
			buildSettings = {
				ASSETCATALOG_COMPILER_APPICON_NAME = AppIcon;
				CODE_SIGN_STYLE = Automatic;
				DEVELOPMENT_TEAM = 96BN7NSV5W;
				INFOPLIST_FILE = "ImageViewer (nasa)/Info.plist";
				IPHONEOS_DEPLOYMENT_TARGET = 13.0;
				LD_RUNPATH_SEARCH_PATHS = (
					"$(inherited)",
					"@executable_path/Frameworks",
				);
				PRODUCT_BUNDLE_IDENTIFIER = "VladimirYakutin.ImageViewer--nasa-";
				PRODUCT_NAME = "$(TARGET_NAME)";
				SWIFT_VERSION = 5.0;
				TARGETED_DEVICE_FAMILY = 1;
			};
			name = Release;
		};
/* End XCBuildConfiguration section */

/* Begin XCConfigurationList section */
		E7A437BD23573B9000A9955B /* Build configuration list for PBXProject "ImageViewer (nasa)" */ = {
			isa = XCConfigurationList;
			buildConfigurations = (
				E7A437D423573B9600A9955B /* Debug */,
				E7A437D523573B9600A9955B /* Release */,
			);
			defaultConfigurationIsVisible = 0;
			defaultConfigurationName = Release;
		};
		E7A437D623573B9600A9955B /* Build configuration list for PBXNativeTarget "ImageViewer (nasa)" */ = {
			isa = XCConfigurationList;
			buildConfigurations = (
				E7A437D723573B9600A9955B /* Debug */,
				E7A437D823573B9600A9955B /* Release */,
			);
			defaultConfigurationIsVisible = 0;
			defaultConfigurationName = Release;
		};
/* End XCConfigurationList section */
	};
	rootObject = E7A437BA23573B9000A9955B /* Project object */;
}
